
Microsoft Visual Studio Solution File, Format Version 12.00
# Visual Studio Version 17
VisualStudioVersion = 17.3.32819.101
MinimumVisualStudioVersion = 10.0.40219.1
Project("{FAE04EC0-301F-11D3-BF4B-00C04F79EFBC}") = "Water Heater", "Water Heater\Water Heater.csproj", "{0ACE980E-94D1-4E42-ACDD-36F69163EC85}"
EndProject
Global
	GlobalSection(SolutionConfigurationPlatforms) = preSolution
		Debug|Any CPU = Debug|Any CPU
		Release|Any CPU = Release|Any CPU
	EndGlobalSection
	GlobalSection(ProjectConfigurationPlatforms) = postSolution
		{0ACE980E-94D1-4E42-ACDD-36F69163EC85}.Debug|Any CPU.ActiveCfg = Debug|Any CPU
		{0ACE980E-94D1-4E42-ACDD-36F69163EC85}.Debug|Any CPU.Build.0 = Debug|Any CPU
		{0ACE980E-94D1-4E42-ACDD-36F69163EC85}.Release|Any CPU.ActiveCfg = Release|Any CPU
		{0ACE980E-94D1-4E42-ACDD-36F69163EC85}.Release|Any CPU.Build.0 = Release|Any CPU
	EndGlobalSection
	GlobalSection(SolutionProperties) = preSolution
		HideSolutionNode = FALSE
	EndGlobalSection
	GlobalSection(ExtensibilityGlobals) = postSolution
		SolutionGuid = {B1CDB9E8-F5D2-49F7-AD22-4C966C724C64}
	EndGlobalSection
EndGlobal
